// !$*UTF8*$!
{
	archiveVersion = 1;
	classes = {
	};
	objectVersion = 48;
	objects = {

/* Begin PBXBuildFile section */
		FAB0709D1F7BB10C0014421C /* AppDelegate.m in Sources */ = {isa = PBXBuildFile; fileRef = FAB0709C1F7BB10C0014421C /* AppDelegate.m */; };
		FAB070A01F7BB10C0014421C /* ViewController.m in Sources */ = {isa = PBXBuildFile; fileRef = FAB0709F1F7BB10C0014421C /* ViewController.m */; };
		FAB070A31F7BB10C0014421C /* Main.storyboard in Resources */ = {isa = PBXBuildFile; fileRef = FAB070A11F7BB10C0014421C /* Main.storyboard */; };
		FAB070A51F7BB10C0014421C /* Assets.xcassets in Resources */ = {isa = PBXBuildFile; fileRef = FAB070A41F7BB10C0014421C /* Assets.xcassets */; };
		FAB070A81F7BB10C0014421C /* LaunchScreen.storyboard in Resources */ = {isa = PBXBuildFile; fileRef = FAB070A61F7BB10C0014421C /* LaunchScreen.storyboard */; };
		FAB070AB1F7BB10C0014421C /* main.m in Sources */ = {isa = PBXBuildFile; fileRef = FAB070AA1F7BB10C0014421C /* main.m */; };
		FAB070B51F7BB10D0014421C /* iOS_____Tests.m in Sources */ = {isa = PBXBuildFile; fileRef = FAB070B41F7BB10D0014421C /* iOS_____Tests.m */; };
		FAB070C01F7BB10D0014421C /* iOS_____UITests.m in Sources */ = {isa = PBXBuildFile; fileRef = FAB070BF1F7BB10D0014421C /* iOS_____UITests.m */; };
/* End PBXBuildFile section */

/* Begin PBXContainerItemProxy section */
		FAB070B11F7BB10D0014421C /* PBXContainerItemProxy */ = {
			isa = PBXContainerItemProxy;
			containerPortal = FAB070901F7BB10C0014421C /* Project object */;
			proxyType = 1;
			remoteGlobalIDString = FAB070971F7BB10C0014421C;
			remoteInfo = "iOS启动时广告";
		};
		FAB070BC1F7BB10D0014421C /* PBXContainerItemProxy */ = {
			isa = PBXContainerItemProxy;
			containerPortal = FAB070901F7BB10C0014421C /* Project object */;
			proxyType = 1;
			remoteGlobalIDString = FAB070971F7BB10C0014421C;
			remoteInfo = "iOS启动时广告";
		};
/* End PBXContainerItemProxy section */

/* Begin PBXFileReference section */
		FAB070981F7BB10C0014421C /* iOS启动时广告.app */ = {isa = PBXFileReference; explicitFileType = wrapper.application; includeInIndex = 0; path = "iOS启动时广告.app"; sourceTree = BUILT_PRODUCTS_DIR; };
		FAB0709B1F7BB10C0014421C /* AppDelegate.h */ = {isa = PBXFileReference; lastKnownFileType = sourcecode.c.h; path = AppDelegate.h; sourceTree = "<group>"; };
		FAB0709C1F7BB10C0014421C /* AppDelegate.m */ = {isa = PBXFileReference; lastKnownFileType = sourcecode.c.objc; path = AppDelegate.m; sourceTree = "<group>"; };
		FAB0709E1F7BB10C0014421C /* ViewController.h */ = {isa = PBXFileReference; lastKnownFileType = sourcecode.c.h; path = ViewController.h; sourceTree = "<group>"; };
		FAB0709F1F7BB10C0014421C /* ViewController.m */ = {isa = PBXFileReference; lastKnownFileType = sourcecode.c.objc; path = ViewController.m; sourceTree = "<group>"; };
		FAB070A21F7BB10C0014421C /* Base */ = {isa = PBXFileReference; lastKnownFileType = file.storyboard; name = Base; path = Base.lproj/Main.storyboard; sourceTree = "<group>"; };
		FAB070A41F7BB10C0014421C /* Assets.xcassets */ = {isa = PBXFileReference; lastKnownFileType = folder.assetcatalog; path = Assets.xcassets; sourceTree = "<group>"; };
		FAB070A71F7BB10C0014421C /* Base */ = {isa = PBXFileReference; lastKnownFileType = file.storyboard; name = Base; path = Base.lproj/LaunchScreen.storyboard; sourceTree = "<group>"; };
		FAB070A91F7BB10C0014421C /* Info.plist */ = {isa = PBXFileReference; lastKnownFileType = text.plist.xml; path = Info.plist; sourceTree = "<group>"; };
		FAB070AA1F7BB10C0014421C /* main.m */ = {isa = PBXFileReference; lastKnownFileType = sourcecode.c.objc; path = main.m; sourceTree = "<group>"; };
		FAB070B01F7BB10D0014421C /* iOS启动时广告Tests.xctest */ = {isa = PBXFileReference; explicitFileType = wrapper.cfbundle; includeInIndex = 0; path = "iOS启动时广告Tests.xctest"; sourceTree = BUILT_PRODUCTS_DIR; };
		FAB070B41F7BB10D0014421C /* iOS_____Tests.m */ = {isa = PBXFileReference; lastKnownFileType = sourcecode.c.objc; path = "iOS_____Tests.m"; sourceTree = "<group>"; };
		FAB070B61F7BB10D0014421C /* Info.plist */ = {isa = PBXFileReference; lastKnownFileType = text.plist.xml; path = Info.plist; sourceTree = "<group>"; };
		FAB070BB1F7BB10D0014421C /* iOS启动时广告UITests.xctest */ = {isa = PBXFileReference; explicitFileType = wrapper.cfbundle; includeInIndex = 0; path = "iOS启动时广告UITests.xctest"; sourceTree = BUILT_PRODUCTS_DIR; };
		FAB070BF1F7BB10D0014421C /* iOS_____UITests.m */ = {isa = PBXFileReference; lastKnownFileType = sourcecode.c.objc; path = "iOS_____UITests.m"; sourceTree = "<group>"; };
		FAB070C11F7BB10D0014421C /* Info.plist */ = {isa = PBXFileReference; lastKnownFileType = text.plist.xml; path = Info.plist; sourceTree = "<group>"; };
/* End PBXFileReference section */

/* Begin PBXFrameworksBuildPhase section */
		FAB070951F7BB10C0014421C /* Frameworks */ = {
			isa = PBXFrameworksBuildPhase;
			buildActionMask = 2147483647;
			files = (
			);
			runOnlyForDeploymentPostprocessing = 0;
		};
		FAB070AD1F7BB10D0014421C /* Frameworks */ = {
			isa = PBXFrameworksBuildPhase;
			buildActionMask = 2147483647;
			files = (
			);
			runOnlyForDeploymentPostprocessing = 0;
		};
		FAB070B81F7BB10D0014421C /* Frameworks */ = {
			isa = PBXFrameworksBuildPhase;
			buildActionMask = 2147483647;
			files = (
			);
			runOnlyForDeploymentPostprocessing = 0;
		};
/* End PBXFrameworksBuildPhase section */

/* Begin PBXGroup section */
		FAB0708F1F7BB10C0014421C = {
			isa = PBXGroup;
			children = (
				FAB0709A1F7BB10C0014421C /* iOS启动时广告 */,
				FAB070B31F7BB10D0014421C /* iOS启动时广告Tests */,
				FAB070BE1F7BB10D0014421C /* iOS启动时广告UITests */,
				FAB070991F7BB10C0014421C /* Products */,
			);
			sourceTree = "<group>";
		};
		FAB070991F7BB10C0014421C /* Products */ = {
			isa = PBXGroup;
			children = (
				FAB070981F7BB10C0014421C /* iOS启动时广告.app */,
				FAB070B01F7BB10D0014421C /* iOS启动时广告Tests.xctest */,
				FAB070BB1F7BB10D0014421C /* iOS启动时广告UITests.xctest */,
			);
			name = Products;
			sourceTree = "<group>";
		};
		FAB0709A1F7BB10C0014421C /* iOS启动时广告 */ = {
			isa = PBXGroup;
			children = (
				FAB0709B1F7BB10C0014421C /* AppDelegate.h */,
				FAB0709C1F7BB10C0014421C /* AppDelegate.m */,
				FAB0709E1F7BB10C0014421C /* ViewController.h */,
				FAB0709F1F7BB10C0014421C /* ViewController.m */,
				FAB070A11F7BB10C0014421C /* Main.storyboard */,
				FAB070A41F7BB10C0014421C /* Assets.xcassets */,
				FAB070A61F7BB10C0014421C /* LaunchScreen.storyboard */,
				FAB070A91F7BB10C0014421C /* Info.plist */,
				FAB070AA1F7BB10C0014421C /* main.m */,
			);
			path = "iOS启动时广告";
			sourceTree = "<group>";
		};
		FAB070B31F7BB10D0014421C /* iOS启动时广告Tests */ = {
			isa = PBXGroup;
			children = (
				FAB070B41F7BB10D0014421C /* iOS_____Tests.m */,
				FAB070B61F7BB10D0014421C /* Info.plist */,
			);
			path = "iOS启动时广告Tests";
			sourceTree = "<group>";
		};
		FAB070BE1F7BB10D0014421C /* iOS启动时广告UITests */ = {
			isa = PBXGroup;
			children = (
				FAB070BF1F7BB10D0014421C /* iOS_____UITests.m */,
				FAB070C11F7BB10D0014421C /* Info.plist */,
			);
			path = "iOS启动时广告UITests";
			sourceTree = "<group>";
		};
/* End PBXGroup section */

/* Begin PBXNativeTarget section */
		FAB070971F7BB10C0014421C /* iOS启动时广告 */ = {
			isa = PBXNativeTarget;
			buildConfigurationList = FAB070C41F7BB10D0014421C /* Build configuration list for PBXNativeTarget "iOS启动时广告" */;
			buildPhases = (
				FAB070941F7BB10C0014421C /* Sources */,
				FAB070951F7BB10C0014421C /* Frameworks */,
				FAB070961F7BB10C0014421C /* Resources */,
			);
			buildRules = (
			);
			dependencies = (
			);
			name = "iOS启动时广告";
			productName = "iOS启动时广告";
			productReference = FAB070981F7BB10C0014421C /* iOS启动时广告.app */;
			productType = "com.apple.product-type.application";
		};
		FAB070AF1F7BB10D0014421C /* iOS启动时广告Tests */ = {
			isa = PBXNativeTarget;
			buildConfigurationList = FAB070C71F7BB10D0014421C /* Build configuration list for PBXNativeTarget "iOS启动时广告Tests" */;
			buildPhases = (
				FAB070AC1F7BB10D0014421C /* Sources */,
				FAB070AD1F7BB10D0014421C /* Frameworks */,
				FAB070AE1F7BB10D0014421C /* Resources */,
			);
			buildRules = (
			);
			dependencies = (
				FAB070B21F7BB10D0014421C /* PBXTargetDependency */,
			);
			name = "iOS启动时广告Tests";
			productName = "iOS启动时广告Tests";
			productReference = FAB070B01F7BB10D0014421C /* iOS启动时广告Tests.xctest */;
			productType = "com.apple.product-type.bundle.unit-test";
		};
		FAB070BA1F7BB10D0014421C /* iOS启动时广告UITests */ = {
			isa = PBXNativeTarget;
			buildConfigurationList = FAB070CA1F7BB10D0014421C /* Build configuration list for PBXNativeTarget "iOS启动时广告UITests" */;
			buildPhases = (
				FAB070B71F7BB10D0014421C /* Sources */,
				FAB070B81F7BB10D0014421C /* Frameworks */,
				FAB070B91F7BB10D0014421C /* Resources */,
			);
			buildRules = (
			);
			dependencies = (
				FAB070BD1F7BB10D0014421C /* PBXTargetDependency */,
			);
			name = "iOS启动时广告UITests";
			productName = "iOS启动时广告UITests";
			productReference = FAB070BB1F7BB10D0014421C /* iOS启动时广告UITests.xctest */;
			productType = "com.apple.product-type.bundle.ui-testing";
		};
/* End PBXNativeTarget section */

/* Begin PBXProject section */
		FAB070901F7BB10C0014421C /* Project object */ = {
			isa = PBXProject;
			attributes = {
				LastUpgradeCheck = 0900;
				ORGANIZATIONNAME = MOMO;
				TargetAttributes = {
					FAB070971F7BB10C0014421C = {
						CreatedOnToolsVersion = 9.0;
						ProvisioningStyle = Automatic;
					};
					FAB070AF1F7BB10D0014421C = {
						CreatedOnToolsVersion = 9.0;
						ProvisioningStyle = Automatic;
						TestTargetID = FAB070971F7BB10C0014421C;
					};
					FAB070BA1F7BB10D0014421C = {
						CreatedOnToolsVersion = 9.0;
						ProvisioningStyle = Automatic;
						TestTargetID = FAB070971F7BB10C0014421C;
					};
				};
			};
			buildConfigurationList = FAB070931F7BB10C0014421C /* Build configuration list for PBXProject "iOS启动时广告" */;
			compatibilityVersion = "Xcode 8.0";
			developmentRegion = en;
			hasScannedForEncodings = 0;
			knownRegions = (
				en,
				Base,
			);
			mainGroup = FAB0708F1F7BB10C0014421C;
			productRefGroup = FAB070991F7BB10C0014421C /* Products */;
			projectDirPath = "";
			projectRoot = "";
			targets = (
				FAB070971F7BB10C0014421C /* iOS启动时广告 */,
				FAB070AF1F7BB10D0014421C /* iOS启动时广告Tests */,
				FAB070BA1F7BB10D0014421C /* iOS启动时广告UITests */,
			);
		};
/* End PBXProject section */

/* Begin PBXResourcesBuildPhase section */
		FAB070961F7BB10C0014421C /* Resources */ = {
			isa = PBXResourcesBuildPhase;
			buildActionMask = 2147483647;
			files = (
				FAB070A81F7BB10C0014421C /* LaunchScreen.storyboard in Resources */,
				FAB070A51F7BB10C0014421C /* Assets.xcassets in Resources */,
				FAB070A31F7BB10C0014421C /* Main.storyboard in Resources */,
			);
			runOnlyForDeploymentPostprocessing = 0;
		};
		FAB070AE1F7BB10D0014421C /* Resources */ = {
			isa = PBXResourcesBuildPhase;
			buildActionMask = 2147483647;
			files = (
			);
			runOnlyForDeploymentPostprocessing = 0;
		};
		FAB070B91F7BB10D0014421C /* Resources */ = {
			isa = PBXResourcesBuildPhase;
			buildActionMask = 2147483647;
			files = (
			);
			runOnlyForDeploymentPostprocessing = 0;
		};
/* End PBXResourcesBuildPhase section */

/* Begin PBXSourcesBuildPhase section */
		FAB070941F7BB10C0014421C /* Sources */ = {
			isa = PBXSourcesBuildPhase;
			buildActionMask = 2147483647;
			files = (
				FAB070A01F7BB10C0014421C /* ViewController.m in Sources */,
				FAB070AB1F7BB10C0014421C /* main.m in Sources */,
				FAB0709D1F7BB10C0014421C /* AppDelegate.m in Sources */,
			);
			runOnlyForDeploymentPostprocessing = 0;
		};
		FAB070AC1F7BB10D0014421C /* Sources */ = {
			isa = PBXSourcesBuildPhase;
			buildActionMask = 2147483647;
			files = (
				FAB070B51F7BB10D0014421C /* iOS_____Tests.m in Sources */,
			);
			runOnlyForDeploymentPostprocessing = 0;
		};
		FAB070B71F7BB10D0014421C /* Sources */ = {
			isa = PBXSourcesBuildPhase;
			buildActionMask = 2147483647;
			files = (
				FAB070C01F7BB10D0014421C /* iOS_____UITests.m in Sources */,
			);
			runOnlyForDeploymentPostprocessing = 0;
		};
/* End PBXSourcesBuildPhase section */

/* Begin PBXTargetDependency section */
		FAB070B21F7BB10D0014421C /* PBXTargetDependency */ = {
			isa = PBXTargetDependency;
			target = FAB070971F7BB10C0014421C /* iOS启动时广告 */;
			targetProxy = FAB070B11F7BB10D0014421C /* PBXContainerItemProxy */;
		};
		FAB070BD1F7BB10D0014421C /* PBXTargetDependency */ = {
			isa = PBXTargetDependency;
			target = FAB070971F7BB10C0014421C /* iOS启动时广告 */;
			targetProxy = FAB070BC1F7BB10D0014421C /* PBXContainerItemProxy */;
		};
/* End PBXTargetDependency section */

/* Begin PBXVariantGroup section */
		FAB070A11F7BB10C0014421C /* Main.storyboard */ = {
			isa = PBXVariantGroup;
			children = (
				FAB070A21F7BB10C0014421C /* Base */,
			);
			name = Main.storyboard;
			sourceTree = "<group>";
		};
		FAB070A61F7BB10C0014421C /* LaunchScreen.storyboard */ = {
			isa = PBXVariantGroup;
			children = (
				FAB070A71F7BB10C0014421C /* Base */,
			);
			name = LaunchScreen.storyboard;
			sourceTree = "<group>";
		};
/* End PBXVariantGroup section */

/* Begin XCBuildConfiguration section */
		FAB070C21F7BB10D0014421C /* Debug */ = {
			isa = XCBuildConfiguration;
			buildSettings = {
				ALWAYS_SEARCH_USER_PATHS = NO;
				CLANG_ANALYZER_NONNULL = YES;
				CLANG_ANALYZER_NUMBER_OBJECT_CONVERSION = YES_AGGRESSIVE;
				CLANG_CXX_LANGUAGE_STANDARD = "gnu++14";
				CLANG_CXX_LIBRARY = "libc++";
				CLANG_ENABLE_MODULES = YES;
				CLANG_ENABLE_OBJC_ARC = YES;
				CLANG_WARN_BLOCK_CAPTURE_AUTORELEASING = YES;
				CLANG_WARN_BOOL_CONVERSION = YES;
				CLANG_WARN_COMMA = YES;
				CLANG_WARN_CONSTANT_CONVERSION = YES;
				CLANG_WARN_DIRECT_OBJC_ISA_USAGE = YES_ERROR;
				CLANG_WARN_DOCUMENTATION_COMMENTS = YES;
				CLANG_WARN_EMPTY_BODY = YES;
				CLANG_WARN_ENUM_CONVERSION = YES;
				CLANG_WARN_INFINITE_RECURSION = YES;
				CLANG_WARN_INT_CONVERSION = YES;
				CLANG_WARN_NON_LITERAL_NULL_CONVERSION = YES;
				CLANG_WARN_OBJC_LITERAL_CONVERSION = YES;
				CLANG_WARN_OBJC_ROOT_CLASS = YES_ERROR;
				CLANG_WARN_RANGE_LOOP_ANALYSIS = YES;
				CLANG_WARN_STRICT_PROTOTYPES = YES;
				CLANG_WARN_SUSPICIOUS_MOVE = YES;
				CLANG_WARN_UNGUARDED_AVAILABILITY = YES_AGGRESSIVE;
				CLANG_WARN_UNREACHABLE_CODE = YES;
				CLANG_WARN__DUPLICATE_METHOD_MATCH = YES;
				CODE_SIGN_IDENTITY = "iPhone Developer";
				COPY_PHASE_STRIP = NO;
				DEBUG_INFORMATION_FORMAT = dwarf;
				ENABLE_STRICT_OBJC_MSGSEND = YES;
				ENABLE_TESTABILITY = YES;
				GCC_C_LANGUAGE_STANDARD = gnu11;
				GCC_DYNAMIC_NO_PIC = NO;
				GCC_NO_COMMON_BLOCKS = YES;
				GCC_OPTIMIZATION_LEVEL = 0;
				GCC_PREPROCESSOR_DEFINITIONS = (
					"DEBUG=1",
					"$(inherited)",
				);
				GCC_WARN_64_TO_32_BIT_CONVERSION = YES;
				GCC_WARN_ABOUT_RETURN_TYPE = YES_ERROR;
				GCC_WARN_UNDECLARED_SELECTOR = YES;
				GCC_WARN_UNINITIALIZED_AUTOS = YES_AGGRESSIVE;
				GCC_WARN_UNUSED_FUNCTION = YES;
				GCC_WARN_UNUSED_VARIABLE = YES;
				IPHONEOS_DEPLOYMENT_TARGET = 11.0;
				MTL_ENABLE_DEBUG_INFO = YES;
				ONLY_ACTIVE_ARCH = YES;
				SDKROOT = iphoneos;
			};
			name = Debug;
		};
		FAB070C31F7BB10D0014421C /* Release */ = {
			isa = XCBuildConfiguration;
			buildSettings = {
				ALWAYS_SEARCH_USER_PATHS = NO;
				CLANG_ANALYZER_NONNULL = YES;
				CLANG_ANALYZER_NUMBER_OBJECT_CONVERSION = YES_AGGRESSIVE;
				CLANG_CXX_LANGUAGE_STANDARD = "gnu++14";
				CLANG_CXX_LIBRARY = "libc++";
				CLANG_ENABLE_MODULES = YES;
				CLANG_ENABLE_OBJC_ARC = YES;
				CLANG_WARN_BLOCK_CAPTURE_AUTORELEASING = YES;
				CLANG_WARN_BOOL_CONVERSION = YES;
				CLANG_WARN_COMMA = YES;
				CLANG_WARN_CONSTANT_CONVERSION = YES;
				CLANG_WARN_DIRECT_OBJC_ISA_USAGE = YES_ERROR;
				CLANG_WARN_DOCUMENTATION_COMMENTS = YES;
				CLANG_WARN_EMPTY_BODY = YES;
				CLANG_WARN_ENUM_CONVERSION = YES;
				CLANG_WARN_INFINITE_RECURSION = YES;
				CLANG_WARN_INT_CONVERSION = YES;
				CLANG_WARN_NON_LITERAL_NULL_CONVERSION = YES;
				CLANG_WARN_OBJC_LITERAL_CONVERSION = YES;
				CLANG_WARN_OBJC_ROOT_CLASS = YES_ERROR;
				CLANG_WARN_RANGE_LOOP_ANALYSIS = YES;
				CLANG_WARN_STRICT_PROTOTYPES = YES;
				CLANG_WARN_SUSPICIOUS_MOVE = YES;
				CLANG_WARN_UNGUARDED_AVAILABILITY = YES_AGGRESSIVE;
				CLANG_WARN_UNREACHABLE_CODE = YES;
				CLANG_WARN__DUPLICATE_METHOD_MATCH = YES;
				CODE_SIGN_IDENTITY = "iPhone Developer";
				COPY_PHASE_STRIP = NO;
				DEBUG_INFORMATION_FORMAT = "dwarf-with-dsym";
				ENABLE_NS_ASSERTIONS = NO;
				ENABLE_STRICT_OBJC_MSGSEND = YES;
				GCC_C_LANGUAGE_STANDARD = gnu11;
				GCC_NO_COMMON_BLOCKS = YES;
				GCC_WARN_64_TO_32_BIT_CONVERSION = YES;
				GCC_WARN_ABOUT_RETURN_TYPE = YES_ERROR;
				GCC_WARN_UNDECLARED_SELECTOR = YES;
				GCC_WARN_UNINITIALIZED_AUTOS = YES_AGGRESSIVE;
				GCC_WARN_UNUSED_FUNCTION = YES;
				GCC_WARN_UNUSED_VARIABLE = YES;
				IPHONEOS_DEPLOYMENT_TARGET = 11.0;
				MTL_ENABLE_DEBUG_INFO = NO;
				SDKROOT = iphoneos;
				VALIDATE_PRODUCT = YES;
			};
			name = Release;
		};
		FAB070C51F7BB10D0014421C /* Debug */ = {
			isa = XCBuildConfiguration;
			buildSettings = {
				ASSETCATALOG_COMPILER_APPICON_NAME = AppIcon;
				CODE_SIGN_STYLE = Automatic;
				DEVELOPMENT_TEAM = 36WT396TPZ;
				INFOPLIST_FILE = "iOS启动时广告/Info.plist";
				LD_RUNPATH_SEARCH_PATHS = "$(inherited) @executable_path/Frameworks";
				PRODUCT_BUNDLE_IDENTIFIER = "momo.iOS-----";
				PRODUCT_NAME = "$(TARGET_NAME)";
				TARGETED_DEVICE_FAMILY = "1,2";
			};
			name = Debug;
		};
		FAB070C61F7BB10D0014421C /* Release */ = {
			isa = XCBuildConfiguration;
			buildSettings = {
				ASSETCATALOG_COMPILER_APPICON_NAME = AppIcon;
				CODE_SIGN_STYLE = Automatic;
				DEVELOPMENT_TEAM = 36WT396TPZ;
				INFOPLIST_FILE = "iOS启动时广告/Info.plist";
				LD_RUNPATH_SEARCH_PATHS = "$(inherited) @executable_path/Frameworks";
				PRODUCT_BUNDLE_IDENTIFIER = "momo.iOS-----";
				PRODUCT_NAME = "$(TARGET_NAME)";
				TARGETED_DEVICE_FAMILY = "1,2";
			};
			name = Release;
		};
		FAB070C81F7BB10D0014421C /* Debug */ = {
			isa = XCBuildConfiguration;
			buildSettings = {
				BUNDLE_LOADER = "$(TEST_HOST)";
				CODE_SIGN_STYLE = Automatic;
				DEVELOPMENT_TEAM = 36WT396TPZ;
				INFOPLIST_FILE = "iOS启动时广告Tests/Info.plist";
				LD_RUNPATH_SEARCH_PATHS = "$(inherited) @executable_path/Frameworks @loader_path/Frameworks";
				PRODUCT_BUNDLE_IDENTIFIER = "momo.iOS-----Tests";
				PRODUCT_NAME = "$(TARGET_NAME)";
				TARGETED_DEVICE_FAMILY = "1,2";
				TEST_HOST = "$(BUILT_PRODUCTS_DIR)/iOS启动时广告.app/iOS启动时广告";
			};
			name = Debug;
		};
		FAB070C91F7BB10D0014421C /* Release */ = {
			isa = XCBuildConfiguration;
			buildSettings = {
				BUNDLE_LOADER = "$(TEST_HOST)";
				CODE_SIGN_STYLE = Automatic;
				DEVELOPMENT_TEAM = 36WT396TPZ;
				INFOPLIST_FILE = "iOS启动时广告Tests/Info.plist";
				LD_RUNPATH_SEARCH_PATHS = "$(inherited) @executable_path/Frameworks @loader_path/Frameworks";
				PRODUCT_BUNDLE_IDENTIFIER = "momo.iOS-----Tests";
				PRODUCT_NAME = "$(TARGET_NAME)";
				TARGETED_DEVICE_FAMILY = "1,2";
				TEST_HOST = "$(BUILT_PRODUCTS_DIR)/iOS启动时广告.app/iOS启动时广告";
			};
			name = Release;
		};
		FAB070CB1F7BB10D0014421C /* Debug */ = {
			isa = XCBuildConfiguration;
			buildSettings = {
				CODE_SIGN_STYLE = Automatic;
				DEVELOPMENT_TEAM = 36WT396TPZ;
				INFOPLIST_FILE = "iOS启动时广告UITests/Info.plist";
				LD_RUNPATH_SEARCH_PATHS = "$(inherited) @executable_path/Frameworks @loader_path/Frameworks";
				PRODUCT_BUNDLE_IDENTIFIER = "momo.iOS-----UITests";
				PRODUCT_NAME = "$(TARGET_NAME)";
				TARGETED_DEVICE_FAMILY = "1,2";
				TEST_TARGET_NAME = "iOS启动时广告";
			};
			name = Debug;
		};
		FAB070CC1F7BB10D0014421C /* Release */ = {
			isa = XCBuildConfiguration;
			buildSettings = {
				CODE_SIGN_STYLE = Automatic;
				DEVELOPMENT_TEAM = 36WT396TPZ;
				INFOPLIST_FILE = "iOS启动时广告UITests/Info.plist";
				LD_RUNPATH_SEARCH_PATHS = "$(inherited) @executable_path/Frameworks @loader_path/Frameworks";
				PRODUCT_BUNDLE_IDENTIFIER = "momo.iOS-----UITests";
				PRODUCT_NAME = "$(TARGET_NAME)";
				TARGETED_DEVICE_FAMILY = "1,2";
				TEST_TARGET_NAME = "iOS启动时广告";
			};
			name = Release;
		};
/* End XCBuildConfiguration section */

/* Begin XCConfigurationList section */
		FAB070931F7BB10C0014421C /* Build configuration list for PBXProject "iOS启动时广告" */ = {
			isa = XCConfigurationList;
			buildConfigurations = (
				FAB070C21F7BB10D0014421C /* Debug */,
				FAB070C31F7BB10D0014421C /* Release */,
			);
			defaultConfigurationIsVisible = 0;
			defaultConfigurationName = Release;
		};
		FAB070C41F7BB10D0014421C /* Build configuration list for PBXNativeTarget "iOS启动时广告" */ = {
			isa = XCConfigurationList;
			buildConfigurations = (
				FAB070C51F7BB10D0014421C /* Debug */,
				FAB070C61F7BB10D0014421C /* Release */,
			);
			defaultConfigurationIsVisible = 0;
			defaultConfigurationName = Release;
		};
		FAB070C71F7BB10D0014421C /* Build configuration list for PBXNativeTarget "iOS启动时广告Tests" */ = {
			isa = XCConfigurationList;
			buildConfigurations = (
				FAB070C81F7BB10D0014421C /* Debug */,
				FAB070C91F7BB10D0014421C /* Release */,
			);
			defaultConfigurationIsVisible = 0;
			defaultConfigurationName = Release;
		};
		FAB070CA1F7BB10D0014421C /* Build configuration list for PBXNativeTarget "iOS启动时广告UITests" */ = {
			isa = XCConfigurationList;
			buildConfigurations = (
				FAB070CB1F7BB10D0014421C /* Debug */,
				FAB070CC1F7BB10D0014421C /* Release */,
			);
			defaultConfigurationIsVisible = 0;
			defaultConfigurationName = Release;
		};
/* End XCConfigurationList section */
	};
	rootObject = FAB070901F7BB10C0014421C /* Project object */;
}
